// !$*UTF8*$!
{
	archiveVersion = 1;
	classes = {
	};
	objectVersion = 46;
	objects = {

/* Begin PBXBuildFile section */
		8C25C264DC82B5CE82081E32 /* libPods-SingleView.a in Frameworks */ = {isa = PBXBuildFile; fileRef = E614D919FCEDD7221090693E /* libPods-SingleView.a */; };
		B10F58EE1D51E07C00CECBAA /* main.m in Sources */ = {isa = PBXBuildFile; fileRef = B10F58ED1D51E07C00CECBAA /* main.m */; };
		B10F58F11D51E07C00CECBAA /* AppDelegate.m in Sources */ = {isa = PBXBuildFile; fileRef = B10F58F01D51E07C00CECBAA /* AppDelegate.m */; };
		B10F58F41D51E07C00CECBAA /* ViewController.m in Sources */ = {isa = PBXBuildFile; fileRef = B10F58F31D51E07C00CECBAA /* ViewController.m */; };
		B10F58F71D51E07C00CECBAA /* Main.storyboard in Resources */ = {isa = PBXBuildFile; fileRef = B10F58F51D51E07C00CECBAA /* Main.storyboard */; };
		B10F58FA1D51E07C00CECBAA /* SingleView.xcdatamodeld in Sources */ = {isa = PBXBuildFile; fileRef = B10F58F81D51E07C00CECBAA /* SingleView.xcdatamodeld */; };
		B10F58FC1D51E07C00CECBAA /* Assets.xcassets in Resources */ = {isa = PBXBuildFile; fileRef = B10F58FB1D51E07C00CECBAA /* Assets.xcassets */; };
		B10F58FF1D51E07C00CECBAA /* LaunchScreen.storyboard in Resources */ = {isa = PBXBuildFile; fileRef = B10F58FD1D51E07C00CECBAA /* LaunchScreen.storyboard */; };
		B14F7EB31D51E9A300D54CA3 /* UIViewController_Second.m in Sources */ = {isa = PBXBuildFile; fileRef = B14F7EB21D51E9A300D54CA3 /* UIViewController_Second.m */; };
/* End PBXBuildFile section */

/* Begin PBXFileReference section */
		0D23416B8E7D6BAA7DFB0B87 /* Pods-SingleView.release.xcconfig */ = {isa = PBXFileReference; includeInIndex = 1; lastKnownFileType = text.xcconfig; name = "Pods-SingleView.release.xcconfig"; path = "Pods/Target Support Files/Pods-SingleView/Pods-SingleView.release.xcconfig"; sourceTree = "<group>"; };
		AC42A0D8613E8CFDA482CA20 /* Pods-SingleView.debug.xcconfig */ = {isa = PBXFileReference; includeInIndex = 1; lastKnownFileType = text.xcconfig; name = "Pods-SingleView.debug.xcconfig"; path = "Pods/Target Support Files/Pods-SingleView/Pods-SingleView.debug.xcconfig"; sourceTree = "<group>"; };
		B10F58E91D51E07C00CECBAA /* SingleView.app */ = {isa = PBXFileReference; explicitFileType = wrapper.application; includeInIndex = 0; path = SingleView.app; sourceTree = BUILT_PRODUCTS_DIR; };
		B10F58ED1D51E07C00CECBAA /* main.m */ = {isa = PBXFileReference; lastKnownFileType = sourcecode.c.objc; path = main.m; sourceTree = "<group>"; };
		B10F58EF1D51E07C00CECBAA /* AppDelegate.h */ = {isa = PBXFileReference; lastKnownFileType = sourcecode.c.h; path = AppDelegate.h; sourceTree = "<group>"; };
		B10F58F01D51E07C00CECBAA /* AppDelegate.m */ = {isa = PBXFileReference; lastKnownFileType = sourcecode.c.objc; path = AppDelegate.m; sourceTree = "<group>"; };
		B10F58F21D51E07C00CECBAA /* ViewController.h */ = {isa = PBXFileReference; lastKnownFileType = sourcecode.c.h; path = ViewController.h; sourceTree = "<group>"; };
		B10F58F31D51E07C00CECBAA /* ViewController.m */ = {isa = PBXFileReference; lastKnownFileType = sourcecode.c.objc; path = ViewController.m; sourceTree = "<group>"; };
		B10F58F61D51E07C00CECBAA /* Base */ = {isa = PBXFileReference; lastKnownFileType = file.storyboard; name = Base; path = Base.lproj/Main.storyboard; sourceTree = "<group>"; };
		B10F58F91D51E07C00CECBAA /* SingleView.xcdatamodel */ = {isa = PBXFileReference; lastKnownFileType = wrapper.xcdatamodel; path = SingleView.xcdatamodel; sourceTree = "<group>"; };
		B10F58FB1D51E07C00CECBAA /* Assets.xcassets */ = {isa = PBXFileReference; lastKnownFileType = folder.assetcatalog; path = Assets.xcassets; sourceTree = "<group>"; };
		B10F58FE1D51E07C00CECBAA /* Base */ = {isa = PBXFileReference; lastKnownFileType = file.storyboard; name = Base; path = Base.lproj/LaunchScreen.storyboard; sourceTree = "<group>"; };
		B10F59001D51E07C00CECBAA /* Info.plist */ = {isa = PBXFileReference; lastKnownFileType = text.plist.xml; path = Info.plist; sourceTree = "<group>"; };
		B14F7EB11D51E94900D54CA3 /* UIViewController_Second.h */ = {isa = PBXFileReference; fileEncoding = 4; lastKnownFileType = sourcecode.c.h; path = UIViewController_Second.h; sourceTree = "<group>"; };
		B14F7EB21D51E9A300D54CA3 /* UIViewController_Second.m */ = {isa = PBXFileReference; fileEncoding = 4; lastKnownFileType = sourcecode.c.objc; path = UIViewController_Second.m; sourceTree = "<group>"; };
		E614D919FCEDD7221090693E /* libPods-SingleView.a */ = {isa = PBXFileReference; explicitFileType = archive.ar; includeInIndex = 0; path = "libPods-SingleView.a"; sourceTree = BUILT_PRODUCTS_DIR; };
/* End PBXFileReference section */

/* Begin PBXFrameworksBuildPhase section */
		B10F58E61D51E07C00CECBAA /* Frameworks */ = {
			isa = PBXFrameworksBuildPhase;
			buildActionMask = 2147483647;
			files = (
				8C25C264DC82B5CE82081E32 /* libPods-SingleView.a in Frameworks */,
			);
			runOnlyForDeploymentPostprocessing = 0;
		};
/* End PBXFrameworksBuildPhase section */

/* Begin PBXGroup section */
		4B0343436B0BE71E41636138 /* Pods */ = {
			isa = PBXGroup;
			children = (
				AC42A0D8613E8CFDA482CA20 /* Pods-SingleView.debug.xcconfig */,
				0D23416B8E7D6BAA7DFB0B87 /* Pods-SingleView.release.xcconfig */,
			);
			name = Pods;
			sourceTree = "<group>";
		};
		B10F58E01D51E07C00CECBAA = {
			isa = PBXGroup;
			children = (
				B10F58EB1D51E07C00CECBAA /* SingleView */,
				B10F58EA1D51E07C00CECBAA /* Products */,
				4B0343436B0BE71E41636138 /* Pods */,
				C2CC66C2D6C8073C5B2408F9 /* Frameworks */,
			);
			sourceTree = "<group>";
		};
		B10F58EA1D51E07C00CECBAA /* Products */ = {
			isa = PBXGroup;
			children = (
				B10F58E91D51E07C00CECBAA /* SingleView.app */,
			);
			name = Products;
			sourceTree = "<group>";
		};
		B10F58EB1D51E07C00CECBAA /* SingleView */ = {
			isa = PBXGroup;
			children = (
				B10F58EF1D51E07C00CECBAA /* AppDelegate.h */,
				B10F58F01D51E07C00CECBAA /* AppDelegate.m */,
				B10F58F21D51E07C00CECBAA /* ViewController.h */,
				B10F58F31D51E07C00CECBAA /* ViewController.m */,
				B10F58F51D51E07C00CECBAA /* Main.storyboard */,
				B10F58FB1D51E07C00CECBAA /* Assets.xcassets */,
				B10F58FD1D51E07C00CECBAA /* LaunchScreen.storyboard */,
				B10F59001D51E07C00CECBAA /* Info.plist */,
				B10F58F81D51E07C00CECBAA /* SingleView.xcdatamodeld */,
				B10F58EC1D51E07C00CECBAA /* Supporting Files */,
				B14F7EB11D51E94900D54CA3 /* UIViewController_Second.h */,
				B14F7EB21D51E9A300D54CA3 /* UIViewController_Second.m */,
			);
			path = SingleView;
			sourceTree = "<group>";
		};
		B10F58EC1D51E07C00CECBAA /* Supporting Files */ = {
			isa = PBXGroup;
			children = (
				B10F58ED1D51E07C00CECBAA /* main.m */,
			);
			name = "Supporting Files";
			sourceTree = "<group>";
		};
		C2CC66C2D6C8073C5B2408F9 /* Frameworks */ = {
			isa = PBXGroup;
			children = (
				E614D919FCEDD7221090693E /* libPods-SingleView.a */,
			);
			name = Frameworks;
			sourceTree = "<group>";
		};
/* End PBXGroup section */

/* Begin PBXNativeTarget section */
		B10F58E81D51E07C00CECBAA /* SingleView */ = {
			isa = PBXNativeTarget;
			buildConfigurationList = B10F59031D51E07C00CECBAA /* Build configuration list for PBXNativeTarget "SingleView" */;
			buildPhases = (
				F9F18D889193ED8FB9684CC5 /* [CP] Check Pods Manifest.lock */,
				B10F58E51D51E07C00CECBAA /* Sources */,
				B10F58E61D51E07C00CECBAA /* Frameworks */,
				B10F58E71D51E07C00CECBAA /* Resources */,
				4EC48E633442EB570F1498BB /* [CP] Embed Pods Frameworks */,
				E089E4A2F24D32FC15819561 /* [CP] Copy Pods Resources */,
			);
			buildRules = (
			);
			dependencies = (
			);
			name = SingleView;
			productName = SingleView;
			productReference = B10F58E91D51E07C00CECBAA /* SingleView.app */;
			productType = "com.apple.product-type.application";
		};
/* End PBXNativeTarget section */

/* Begin PBXProject section */
		B10F58E11D51E07C00CECBAA /* Project object */ = {
			isa = PBXProject;
			attributes = {
				LastUpgradeCheck = 0730;
				ORGANIZATIONNAME = zenghong;
				TargetAttributes = {
					B10F58E81D51E07C00CECBAA = {
						CreatedOnToolsVersion = 7.3.1;
					};
				};
			};
			buildConfigurationList = B10F58E41D51E07C00CECBAA /* Build configuration list for PBXProject "SingleView" */;
			compatibilityVersion = "Xcode 3.2";
			developmentRegion = English;
			hasScannedForEncodings = 0;
			knownRegions = (
				en,
				Base,
			);
			mainGroup = B10F58E01D51E07C00CECBAA;
			productRefGroup = B10F58EA1D51E07C00CECBAA /* Products */;
			projectDirPath = "";
			projectRoot = "";
			targets = (
				B10F58E81D51E07C00CECBAA /* SingleView */,
			);
		};
/* End PBXProject section */

/* Begin PBXResourcesBuildPhase section */
		B10F58E71D51E07C00CECBAA /* Resources */ = {
			isa = PBXResourcesBuildPhase;
			buildActionMask = 2147483647;
			files = (
				B10F58FF1D51E07C00CECBAA /* LaunchScreen.storyboard in Resources */,
				B10F58FC1D51E07C00CECBAA /* Assets.xcassets in Resources */,
				B10F58F71D51E07C00CECBAA /* Main.storyboard in Resources */,
			);
			runOnlyForDeploymentPostprocessing = 0;
		};
/* End PBXResourcesBuildPhase section */

/* Begin PBXShellScriptBuildPhase section */
		4EC48E633442EB570F1498BB /* [CP] Embed Pods Frameworks */ = {
			isa = PBXShellScriptBuildPhase;
			buildActionMask = 2147483647;
			files = (
			);
			inputPaths = (
			);
			name = "[CP] Embed Pods Frameworks";
			outputPaths = (
			);
			runOnlyForDeploymentPostprocessing = 0;
			shellPath = /bin/sh;
			shellScript = "\"${SRCROOT}/Pods/Target Support Files/Pods-SingleView/Pods-SingleView-frameworks.sh\"\n";
			showEnvVarsInLog = 0;
		};
		E089E4A2F24D32FC15819561 /* [CP] Copy Pods Resources */ = {
			isa = PBXShellScriptBuildPhase;
			buildActionMask = 2147483647;
			files = (
			);
			inputPaths = (
			);
			name = "[CP] Copy Pods Resources";
			outputPaths = (
			);
			runOnlyForDeploymentPostprocessing = 0;
			shellPath = /bin/sh;
			shellScript = "\"${SRCROOT}/Pods/Target Support Files/Pods-SingleView/Pods-SingleView-resources.sh\"\n";
			showEnvVarsInLog = 0;
		};
		F9F18D889193ED8FB9684CC5 /* [CP] Check Pods Manifest.lock */ = {
			isa = PBXShellScriptBuildPhase;
			buildActionMask = 2147483647;
			files = (
			);
			inputPaths = (
			);
			name = "[CP] Check Pods Manifest.lock";
			outputPaths = (
			);
			runOnlyForDeploymentPostprocessing = 0;
			shellPath = /bin/sh;
			shellScript = "diff \"${PODS_ROOT}/../Podfile.lock\" \"${PODS_ROOT}/Manifest.lock\" > /dev/null\nif [[ $? != 0 ]] ; then\n    cat << EOM\nerror: The sandbox is not in sync with the Podfile.lock. Run 'pod install' or update your CocoaPods installation.\nEOM\n    exit 1\nfi\n";
			showEnvVarsInLog = 0;
		};
/* End PBXShellScriptBuildPhase section */

/* Begin PBXSourcesBuildPhase section */
		B10F58E51D51E07C00CECBAA /* Sources */ = {
			isa = PBXSourcesBuildPhase;
			buildActionMask = 2147483647;
			files = (
				B10F58FA1D51E07C00CECBAA /* SingleView.xcdatamodeld in Sources */,
				B10F58F41D51E07C00CECBAA /* ViewController.m in Sources */,
				B14F7EB31D51E9A300D54CA3 /* UIViewController_Second.m in Sources */,
				B10F58F11D51E07C00CECBAA /* AppDelegate.m in Sources */,
				B10F58EE1D51E07C00CECBAA /* main.m in Sources */,
			);
			runOnlyForDeploymentPostprocessing = 0;
		};
/* End PBXSourcesBuildPhase section */

/* Begin PBXVariantGroup section */
		B10F58F51D51E07C00CECBAA /* Main.storyboard */ = {
			isa = PBXVariantGroup;
			children = (
				B10F58F61D51E07C00CECBAA /* Base */,
			);
			name = Main.storyboard;
			sourceTree = "<group>";
		};
		B10F58FD1D51E07C00CECBAA /* LaunchScreen.storyboard */ = {
			isa = PBXVariantGroup;
			children = (
				B10F58FE1D51E07C00CECBAA /* Base */,
			);
			name = LaunchScreen.storyboard;
			sourceTree = "<group>";
		};
/* End PBXVariantGroup section */

/* Begin XCBuildConfiguration section */
		B10F59011D51E07C00CECBAA /* Debug */ = {
			isa = XCBuildConfiguration;
			buildSettings = {
				ALWAYS_SEARCH_USER_PATHS = NO;
				CLANG_ANALYZER_NONNULL = YES;
				CLANG_CXX_LANGUAGE_STANDARD = "gnu++0x";
				CLANG_CXX_LIBRARY = "libc++";
				CLANG_ENABLE_MODULES = YES;
				CLANG_ENABLE_OBJC_ARC = YES;
				CLANG_WARN_BOOL_CONVERSION = YES;
				CLANG_WARN_CONSTANT_CONVERSION = YES;
				CLANG_WARN_DIRECT_OBJC_ISA_USAGE = YES_ERROR;
				CLANG_WARN_EMPTY_BODY = YES;
				CLANG_WARN_ENUM_CONVERSION = YES;
				CLANG_WARN_INT_CONVERSION = YES;
				CLANG_WARN_OBJC_ROOT_CLASS = YES_ERROR;
				CLANG_WARN_UNREACHABLE_CODE = YES;
				CLANG_WARN__DUPLICATE_METHOD_MATCH = YES;
				"CODE_SIGN_IDENTITY[sdk=iphoneos*]" = "iPhone Developer";
				COPY_PHASE_STRIP = NO;
				DEBUG_INFORMATION_FORMAT = dwarf;
				ENABLE_STRICT_OBJC_MSGSEND = YES;
				ENABLE_TESTABILITY = YES;
				GCC_C_LANGUAGE_STANDARD = gnu99;
				GCC_DYNAMIC_NO_PIC = NO;
				GCC_NO_COMMON_BLOCKS = YES;
				GCC_OPTIMIZATION_LEVEL = 0;
				GCC_PREPROCESSOR_DEFINITIONS = (
					"DEBUG=1",
					"$(inherited)",
				);
				GCC_WARN_64_TO_32_BIT_CONVERSION = YES;
				GCC_WARN_ABOUT_RETURN_TYPE = YES_ERROR;
				GCC_WARN_UNDECLARED_SELECTOR = YES;
				GCC_WARN_UNINITIALIZED_AUTOS = YES_AGGRESSIVE;
				GCC_WARN_UNUSED_FUNCTION = YES;
				GCC_WARN_UNUSED_VARIABLE = YES;
				IPHONEOS_DEPLOYMENT_TARGET = 9.3;
				MTL_ENABLE_DEBUG_INFO = YES;
				ONLY_ACTIVE_ARCH = YES;
				SDKROOT = iphoneos;
			};
			name = Debug;
		};
		B10F59021D51E07C00CECBAA /* Release */ = {
			isa = XCBuildConfiguration;
			buildSettings = {
				ALWAYS_SEARCH_USER_PATHS = NO;
				CLANG_ANALYZER_NONNULL = YES;
				CLANG_CXX_LANGUAGE_STANDARD = "gnu++0x";
				CLANG_CXX_LIBRARY = "libc++";
				CLANG_ENABLE_MODULES = YES;
				CLANG_ENABLE_OBJC_ARC = YES;
				CLANG_WARN_BOOL_CONVERSION = YES;
				CLANG_WARN_CONSTANT_CONVERSION = YES;
				CLANG_WARN_DIRECT_OBJC_ISA_USAGE = YES_ERROR;
				CLANG_WARN_EMPTY_BODY = YES;
				CLANG_WARN_ENUM_CONVERSION = YES;
				CLANG_WARN_INT_CONVERSION = YES;
				CLANG_WARN_OBJC_ROOT_CLASS = YES_ERROR;
				CLANG_WARN_UNREACHABLE_CODE = YES;
				CLANG_WARN__DUPLICATE_METHOD_MATCH = YES;
				"CODE_SIGN_IDENTITY[sdk=iphoneos*]" = "iPhone Developer";
				COPY_PHASE_STRIP = NO;
				DEBUG_INFORMATION_FORMAT = "dwarf-with-dsym";
				ENABLE_NS_ASSERTIONS = NO;
				ENABLE_STRICT_OBJC_MSGSEND = YES;
				GCC_C_LANGUAGE_STANDARD = gnu99;
				GCC_NO_COMMON_BLOCKS = YES;
				GCC_WARN_64_TO_32_BIT_CONVERSION = YES;
				GCC_WARN_ABOUT_RETURN_TYPE = YES_ERROR;
				GCC_WARN_UNDECLARED_SELECTOR = YES;
				GCC_WARN_UNINITIALIZED_AUTOS = YES_AGGRESSIVE;
				GCC_WARN_UNUSED_FUNCTION = YES;
				GCC_WARN_UNUSED_VARIABLE = YES;
				IPHONEOS_DEPLOYMENT_TARGET = 9.3;
				MTL_ENABLE_DEBUG_INFO = NO;
				SDKROOT = iphoneos;
				VALIDATE_PRODUCT = YES;
			};
			name = Release;
		};
		B10F59041D51E07C00CECBAA /* Debug */ = {
			isa = XCBuildConfiguration;
			baseConfigurationReference = AC42A0D8613E8CFDA482CA20 /* Pods-SingleView.debug.xcconfig */;
			buildSettings = {
				ASSETCATALOG_COMPILER_APPICON_NAME = AppIcon;
				INFOPLIST_FILE = SingleView/Info.plist;
				LD_RUNPATH_SEARCH_PATHS = "$(inherited) @executable_path/Frameworks";
				PRODUCT_BUNDLE_IDENTIFIER = com.zenghong.SingleView;
				PRODUCT_NAME = "$(TARGET_NAME)";
			};
			name = Debug;
		};
		B10F59051D51E07C00CECBAA /* Release */ = {
			isa = XCBuildConfiguration;
			baseConfigurationReference = 0D23416B8E7D6BAA7DFB0B87 /* Pods-SingleView.release.xcconfig */;
			buildSettings = {
				ASSETCATALOG_COMPILER_APPICON_NAME = AppIcon;
				INFOPLIST_FILE = SingleView/Info.plist;
				LD_RUNPATH_SEARCH_PATHS = "$(inherited) @executable_path/Frameworks";
				PRODUCT_BUNDLE_IDENTIFIER = com.zenghong.SingleView;
				PRODUCT_NAME = "$(TARGET_NAME)";
			};
			name = Release;
		};
/* End XCBuildConfiguration section */

/* Begin XCConfigurationList section */
		B10F58E41D51E07C00CECBAA /* Build configuration list for PBXProject "SingleView" */ = {
			isa = XCConfigurationList;
			buildConfigurations = (
				B10F59011D51E07C00CECBAA /* Debug */,
				B10F59021D51E07C00CECBAA /* Release */,
			);
			defaultConfigurationIsVisible = 0;
			defaultConfigurationName = Release;
		};
		B10F59031D51E07C00CECBAA /* Build configuration list for PBXNativeTarget "SingleView" */ = {
			isa = XCConfigurationList;
			buildConfigurations = (
				B10F59041D51E07C00CECBAA /* Debug */,
				B10F59051D51E07C00CECBAA /* Release */,
			);
			defaultConfigurationIsVisible = 0;
			defaultConfigurationName = Release;
		};
/* End XCConfigurationList section */

/* Begin XCVersionGroup section */
		B10F58F81D51E07C00CECBAA /* SingleView.xcdatamodeld */ = {
			isa = XCVersionGroup;
			children = (
				B10F58F91D51E07C00CECBAA /* SingleView.xcdatamodel */,
			);
			currentVersion = B10F58F91D51E07C00CECBAA /* SingleView.xcdatamodel */;
			path = SingleView.xcdatamodeld;
			sourceTree = "<group>";
			versionGroupType = wrapper.xcdatamodel;
		};
/* End XCVersionGroup section */
	};
	rootObject = B10F58E11D51E07C00CECBAA /* Project object */;
}
